// !$*UTF8*$!
{
	archiveVersion = 1;
	classes = {
	};
	objectVersion = 46;
	objects = {

/* Begin PBXBuildFile section */
		501600B81AA3DEF2006BEEE4 /* AddTimesViewController.swift in Sources */ = {isa = PBXBuildFile; fileRef = 501600B71AA3DEF2006BEEE4 /* AddTimesViewController.swift */; };
		506AC7291AA42E9B00F202A5 /* Invitation.swift in Sources */ = {isa = PBXBuildFile; fileRef = 506AC7281AA42E9B00F202A5 /* Invitation.swift */; };
		5077DCFA1AA438CD00768C4A /* InvitationCell.swift in Sources */ = {isa = PBXBuildFile; fileRef = 5077DCF91AA438CD00768C4A /* InvitationCell.swift */; };
		507A45711AA375E6008E74F0 /* AppDelegate.swift in Sources */ = {isa = PBXBuildFile; fileRef = 507A45701AA375E6008E74F0 /* AppDelegate.swift */; };
		507A45731AA375E6008E74F0 /* InvitationsViewController.swift in Sources */ = {isa = PBXBuildFile; fileRef = 507A45721AA375E6008E74F0 /* InvitationsViewController.swift */; };
		507A45751AA375E6008E74F0 /* CreateInvitationViewController.swift in Sources */ = {isa = PBXBuildFile; fileRef = 507A45741AA375E6008E74F0 /* CreateInvitationViewController.swift */; };
		507A45781AA375E6008E74F0 /* Main.storyboard in Resources */ = {isa = PBXBuildFile; fileRef = 507A45761AA375E6008E74F0 /* Main.storyboard */; };
		507A457A1AA375E6008E74F0 /* Images.xcassets in Resources */ = {isa = PBXBuildFile; fileRef = 507A45791AA375E6008E74F0 /* Images.xcassets */; };
		507A457D1AA375E6008E74F0 /* LaunchScreen.xib in Resources */ = {isa = PBXBuildFile; fileRef = 507A457B1AA375E6008E74F0 /* LaunchScreen.xib */; };
		507A45891AA375E6008E74F0 /* SocialDiningTests.swift in Sources */ = {isa = PBXBuildFile; fileRef = 507A45881AA375E6008E74F0 /* SocialDiningTests.swift */; };
		50DCE1151AA569070079C3D7 /* InvitationDetailsViewController.swift in Sources */ = {isa = PBXBuildFile; fileRef = 50DCE1141AA569070079C3D7 /* InvitationDetailsViewController.swift */; };
		50DCE1171AA579310079C3D7 /* InvitationMapViewController.swift in Sources */ = {isa = PBXBuildFile; fileRef = 50DCE1161AA579310079C3D7 /* InvitationMapViewController.swift */; };
		50DCE1191AA57BA40079C3D7 /* MapKit.framework in Frameworks */ = {isa = PBXBuildFile; fileRef = 50DCE1181AA57BA40079C3D7 /* MapKit.framework */; };
		50DCE2FA1AA60C8B0079C3D7 /* FacebookSDK.framework in Frameworks */ = {isa = PBXBuildFile; fileRef = 50DCE2F91AA60C8B0079C3D7 /* FacebookSDK.framework */; };
		50DCE2FE1AA610FF0079C3D7 /* LoginViewController.swift in Sources */ = {isa = PBXBuildFile; fileRef = 50DCE2FD1AA610FF0079C3D7 /* LoginViewController.swift */; };
		50DCE3051AA65F720079C3D7 /* AddFriendsViewController.swift in Sources */ = {isa = PBXBuildFile; fileRef = 50DCE3041AA65F720079C3D7 /* AddFriendsViewController.swift */; };
		50DCE3071AA672600079C3D7 /* FacebookFriendCollectionCell.swift in Sources */ = {isa = PBXBuildFile; fileRef = 50DCE3061AA672600079C3D7 /* FacebookFriendCollectionCell.swift */; };
		50DCE3091AA677190079C3D7 /* FacebookFriend.swift in Sources */ = {isa = PBXBuildFile; fileRef = 50DCE3081AA677190079C3D7 /* FacebookFriend.swift */; };
/* End PBXBuildFile section */

/* Begin PBXContainerItemProxy section */
		507A45831AA375E6008E74F0 /* PBXContainerItemProxy */ = {
			isa = PBXContainerItemProxy;
			containerPortal = 507A45631AA375E6008E74F0 /* Project object */;
			proxyType = 1;
			remoteGlobalIDString = 507A456A1AA375E6008E74F0;
			remoteInfo = SocialDining;
		};
/* End PBXContainerItemProxy section */

/* Begin PBXFileReference section */
		501600B71AA3DEF2006BEEE4 /* AddTimesViewController.swift */ = {isa = PBXFileReference; fileEncoding = 4; lastKnownFileType = sourcecode.swift; path = AddTimesViewController.swift; sourceTree = "<group>"; };
		506AC7281AA42E9B00F202A5 /* Invitation.swift */ = {isa = PBXFileReference; fileEncoding = 4; lastKnownFileType = sourcecode.swift; path = Invitation.swift; sourceTree = "<group>"; };
		5077DCF91AA438CD00768C4A /* InvitationCell.swift */ = {isa = PBXFileReference; fileEncoding = 4; lastKnownFileType = sourcecode.swift; path = InvitationCell.swift; sourceTree = "<group>"; };
		507A456B1AA375E6008E74F0 /* SocialDining.app */ = {isa = PBXFileReference; explicitFileType = wrapper.application; includeInIndex = 0; path = SocialDining.app; sourceTree = BUILT_PRODUCTS_DIR; };
		507A456F1AA375E6008E74F0 /* Info.plist */ = {isa = PBXFileReference; lastKnownFileType = text.plist.xml; path = Info.plist; sourceTree = "<group>"; };
		507A45701AA375E6008E74F0 /* AppDelegate.swift */ = {isa = PBXFileReference; lastKnownFileType = sourcecode.swift; path = AppDelegate.swift; sourceTree = "<group>"; };
		507A45721AA375E6008E74F0 /* InvitationsViewController.swift */ = {isa = PBXFileReference; lastKnownFileType = sourcecode.swift; path = InvitationsViewController.swift; sourceTree = "<group>"; };
		507A45741AA375E6008E74F0 /* CreateInvitationViewController.swift */ = {isa = PBXFileReference; lastKnownFileType = sourcecode.swift; path = CreateInvitationViewController.swift; sourceTree = "<group>"; };
		507A45771AA375E6008E74F0 /* Base */ = {isa = PBXFileReference; lastKnownFileType = file.storyboard; name = Base; path = Base.lproj/Main.storyboard; sourceTree = "<group>"; };
		507A45791AA375E6008E74F0 /* Images.xcassets */ = {isa = PBXFileReference; lastKnownFileType = folder.assetcatalog; path = Images.xcassets; sourceTree = "<group>"; };
		507A457C1AA375E6008E74F0 /* Base */ = {isa = PBXFileReference; lastKnownFileType = file.xib; name = Base; path = Base.lproj/LaunchScreen.xib; sourceTree = "<group>"; };
		507A45821AA375E6008E74F0 /* SocialDiningTests.xctest */ = {isa = PBXFileReference; explicitFileType = wrapper.cfbundle; includeInIndex = 0; path = SocialDiningTests.xctest; sourceTree = BUILT_PRODUCTS_DIR; };
		507A45871AA375E6008E74F0 /* Info.plist */ = {isa = PBXFileReference; lastKnownFileType = text.plist.xml; path = Info.plist; sourceTree = "<group>"; };
		507A45881AA375E6008E74F0 /* SocialDiningTests.swift */ = {isa = PBXFileReference; lastKnownFileType = sourcecode.swift; path = SocialDiningTests.swift; sourceTree = "<group>"; };
		50DCE1141AA569070079C3D7 /* InvitationDetailsViewController.swift */ = {isa = PBXFileReference; fileEncoding = 4; lastKnownFileType = sourcecode.swift; path = InvitationDetailsViewController.swift; sourceTree = "<group>"; };
		50DCE1161AA579310079C3D7 /* InvitationMapViewController.swift */ = {isa = PBXFileReference; fileEncoding = 4; lastKnownFileType = sourcecode.swift; path = InvitationMapViewController.swift; sourceTree = "<group>"; };
		50DCE1181AA57BA40079C3D7 /* MapKit.framework */ = {isa = PBXFileReference; lastKnownFileType = wrapper.framework; name = MapKit.framework; path = System/Library/Frameworks/MapKit.framework; sourceTree = SDKROOT; };
		50DCE2F91AA60C8B0079C3D7 /* FacebookSDK.framework */ = {isa = PBXFileReference; lastKnownFileType = wrapper.framework; name = FacebookSDK.framework; path = ../../../Documents/FacebookSDK/FacebookSDK.framework; sourceTree = "<group>"; };
		50DCE2FD1AA610FF0079C3D7 /* LoginViewController.swift */ = {isa = PBXFileReference; fileEncoding = 4; lastKnownFileType = sourcecode.swift; path = LoginViewController.swift; sourceTree = "<group>"; };
		50DCE3011AA614DD0079C3D7 /* BridgeHeader.h */ = {isa = PBXFileReference; lastKnownFileType = sourcecode.c.h; path = BridgeHeader.h; sourceTree = "<group>"; };
		50DCE3041AA65F720079C3D7 /* AddFriendsViewController.swift */ = {isa = PBXFileReference; fileEncoding = 4; lastKnownFileType = sourcecode.swift; path = AddFriendsViewController.swift; sourceTree = "<group>"; };
		50DCE3061AA672600079C3D7 /* FacebookFriendCollectionCell.swift */ = {isa = PBXFileReference; fileEncoding = 4; lastKnownFileType = sourcecode.swift; path = FacebookFriendCollectionCell.swift; sourceTree = "<group>"; };
		50DCE3081AA677190079C3D7 /* FacebookFriend.swift */ = {isa = PBXFileReference; fileEncoding = 4; lastKnownFileType = sourcecode.swift; name = FacebookFriend.swift; path = ../FacebookFriend.swift; sourceTree = "<group>"; };
/* End PBXFileReference section */

/* Begin PBXFrameworksBuildPhase section */
		507A45681AA375E6008E74F0 /* Frameworks */ = {
			isa = PBXFrameworksBuildPhase;
			buildActionMask = 2147483647;
			files = (
				50DCE1191AA57BA40079C3D7 /* MapKit.framework in Frameworks */,
				50DCE2FA1AA60C8B0079C3D7 /* FacebookSDK.framework in Frameworks */,
			);
			runOnlyForDeploymentPostprocessing = 0;
		};
		507A457F1AA375E6008E74F0 /* Frameworks */ = {
			isa = PBXFrameworksBuildPhase;
			buildActionMask = 2147483647;
			files = (
			);
			runOnlyForDeploymentPostprocessing = 0;
		};
/* End PBXFrameworksBuildPhase section */

/* Begin PBXGroup section */
		507A45621AA375E6008E74F0 = {
			isa = PBXGroup;
			children = (
				50DCE11A1AA60C010079C3D7 /* Frameworks */,
				507A456D1AA375E6008E74F0 /* SocialDining */,
				507A45851AA375E6008E74F0 /* SocialDiningTests */,
				507A456C1AA375E6008E74F0 /* Products */,
			);
			sourceTree = "<group>";
		};
		507A456C1AA375E6008E74F0 /* Products */ = {
			isa = PBXGroup;
			children = (
				507A456B1AA375E6008E74F0 /* SocialDining.app */,
				507A45821AA375E6008E74F0 /* SocialDiningTests.xctest */,
			);
			name = Products;
			sourceTree = "<group>";
		};
		507A456D1AA375E6008E74F0 /* SocialDining */ = {
			isa = PBXGroup;
			children = (
				50DCE3011AA614DD0079C3D7 /* BridgeHeader.h */,
				507A45701AA375E6008E74F0 /* AppDelegate.swift */,
				50DCE2FD1AA610FF0079C3D7 /* LoginViewController.swift */,
				507A45721AA375E6008E74F0 /* InvitationsViewController.swift */,
				507A45741AA375E6008E74F0 /* CreateInvitationViewController.swift */,
				501600B71AA3DEF2006BEEE4 /* AddTimesViewController.swift */,
				50DCE3041AA65F720079C3D7 /* AddFriendsViewController.swift */,
				50DCE1141AA569070079C3D7 /* InvitationDetailsViewController.swift */,
				50DCE1161AA579310079C3D7 /* InvitationMapViewController.swift */,
				507A45761AA375E6008E74F0 /* Main.storyboard */,
				507A45791AA375E6008E74F0 /* Images.xcassets */,
				507A457B1AA375E6008E74F0 /* LaunchScreen.xib */,
				507A456E1AA375E6008E74F0 /* Supporting Files */,
				506AC7281AA42E9B00F202A5 /* Invitation.swift */,
				50DCE3081AA677190079C3D7 /* FacebookFriend.swift */,
				5077DCF91AA438CD00768C4A /* InvitationCell.swift */,
				50DCE3061AA672600079C3D7 /* FacebookFriendCollectionCell.swift */,
			);
			path = SocialDining;
			sourceTree = "<group>";
		};
		507A456E1AA375E6008E74F0 /* Supporting Files */ = {
			isa = PBXGroup;
			children = (
				507A456F1AA375E6008E74F0 /* Info.plist */,
			);
			name = "Supporting Files";
			sourceTree = "<group>";
		};
		507A45851AA375E6008E74F0 /* SocialDiningTests */ = {
			isa = PBXGroup;
			children = (
				507A45881AA375E6008E74F0 /* SocialDiningTests.swift */,
				507A45861AA375E6008E74F0 /* Supporting Files */,
			);
			path = SocialDiningTests;
			sourceTree = "<group>";
		};
		507A45861AA375E6008E74F0 /* Supporting Files */ = {
			isa = PBXGroup;
			children = (
				507A45871AA375E6008E74F0 /* Info.plist */,
			);
			name = "Supporting Files";
			sourceTree = "<group>";
		};
		50DCE11A1AA60C010079C3D7 /* Frameworks */ = {
			isa = PBXGroup;
			children = (
				50DCE2F91AA60C8B0079C3D7 /* FacebookSDK.framework */,
				50DCE1181AA57BA40079C3D7 /* MapKit.framework */,
			);
			name = Frameworks;
			sourceTree = "<group>";
		};
/* End PBXGroup section */

/* Begin PBXNativeTarget section */
		507A456A1AA375E6008E74F0 /* SocialDining */ = {
			isa = PBXNativeTarget;
			buildConfigurationList = 507A458C1AA375E6008E74F0 /* Build configuration list for PBXNativeTarget "SocialDining" */;
			buildPhases = (
				507A45671AA375E6008E74F0 /* Sources */,
				507A45681AA375E6008E74F0 /* Frameworks */,
				507A45691AA375E6008E74F0 /* Resources */,
			);
			buildRules = (
			);
			dependencies = (
			);
			name = SocialDining;
			productName = SocialDining;
			productReference = 507A456B1AA375E6008E74F0 /* SocialDining.app */;
			productType = "com.apple.product-type.application";
		};
		507A45811AA375E6008E74F0 /* SocialDiningTests */ = {
			isa = PBXNativeTarget;
			buildConfigurationList = 507A458F1AA375E6008E74F0 /* Build configuration list for PBXNativeTarget "SocialDiningTests" */;
			buildPhases = (
				507A457E1AA375E6008E74F0 /* Sources */,
				507A457F1AA375E6008E74F0 /* Frameworks */,
				507A45801AA375E6008E74F0 /* Resources */,
			);
			buildRules = (
			);
			dependencies = (
				507A45841AA375E6008E74F0 /* PBXTargetDependency */,
			);
			name = SocialDiningTests;
			productName = SocialDiningTests;
			productReference = 507A45821AA375E6008E74F0 /* SocialDiningTests.xctest */;
			productType = "com.apple.product-type.bundle.unit-test";
		};
/* End PBXNativeTarget section */

/* Begin PBXProject section */
		507A45631AA375E6008E74F0 /* Project object */ = {
			isa = PBXProject;
			attributes = {
				LastUpgradeCheck = 0610;
				ORGANIZATIONNAME = "UCB Systems";
				TargetAttributes = {
					507A456A1AA375E6008E74F0 = {
						CreatedOnToolsVersion = 6.1.1;
						DevelopmentTeam = WB57687PUU;
						SystemCapabilities = {
							com.apple.Maps.iOS = {
								enabled = 1;
							};
						};
					};
					507A45811AA375E6008E74F0 = {
						CreatedOnToolsVersion = 6.1.1;
						TestTargetID = 507A456A1AA375E6008E74F0;
					};
				};
			};
			buildConfigurationList = 507A45661AA375E6008E74F0 /* Build configuration list for PBXProject "SocialDining" */;
			compatibilityVersion = "Xcode 3.2";
			developmentRegion = English;
			hasScannedForEncodings = 0;
			knownRegions = (
				en,
				Base,
				he,
			);
			mainGroup = 507A45621AA375E6008E74F0;
			productRefGroup = 507A456C1AA375E6008E74F0 /* Products */;
			projectDirPath = "";
			projectRoot = "";
			targets = (
				507A456A1AA375E6008E74F0 /* SocialDining */,
				507A45811AA375E6008E74F0 /* SocialDiningTests */,
			);
		};
/* End PBXProject section */

/* Begin PBXResourcesBuildPhase section */
		507A45691AA375E6008E74F0 /* Resources */ = {
			isa = PBXResourcesBuildPhase;
			buildActionMask = 2147483647;
			files = (
				507A45781AA375E6008E74F0 /* Main.storyboard in Resources */,
				507A457D1AA375E6008E74F0 /* LaunchScreen.xib in Resources */,
				507A457A1AA375E6008E74F0 /* Images.xcassets in Resources */,
			);
			runOnlyForDeploymentPostprocessing = 0;
		};
		507A45801AA375E6008E74F0 /* Resources */ = {
			isa = PBXResourcesBuildPhase;
			buildActionMask = 2147483647;
			files = (
			);
			runOnlyForDeploymentPostprocessing = 0;
		};
/* End PBXResourcesBuildPhase section */

/* Begin PBXSourcesBuildPhase section */
		507A45671AA375E6008E74F0 /* Sources */ = {
			isa = PBXSourcesBuildPhase;
			buildActionMask = 2147483647;
			files = (
				50DCE2FE1AA610FF0079C3D7 /* LoginViewController.swift in Sources */,
				5077DCFA1AA438CD00768C4A /* InvitationCell.swift in Sources */,
				507A45751AA375E6008E74F0 /* CreateInvitationViewController.swift in Sources */,
				50DCE1171AA579310079C3D7 /* InvitationMapViewController.swift in Sources */,
				506AC7291AA42E9B00F202A5 /* Invitation.swift in Sources */,
				501600B81AA3DEF2006BEEE4 /* AddTimesViewController.swift in Sources */,
				50DCE3051AA65F720079C3D7 /* AddFriendsViewController.swift in Sources */,
				507A45711AA375E6008E74F0 /* AppDelegate.swift in Sources */,
				507A45731AA375E6008E74F0 /* InvitationsViewController.swift in Sources */,
				50DCE3091AA677190079C3D7 /* FacebookFriend.swift in Sources */,
				50DCE1151AA569070079C3D7 /* InvitationDetailsViewController.swift in Sources */,
				50DCE3071AA672600079C3D7 /* FacebookFriendCollectionCell.swift in Sources */,
			);
			runOnlyForDeploymentPostprocessing = 0;
		};
		507A457E1AA375E6008E74F0 /* Sources */ = {
			isa = PBXSourcesBuildPhase;
			buildActionMask = 2147483647;
			files = (
				507A45891AA375E6008E74F0 /* SocialDiningTests.swift in Sources */,
			);
			runOnlyForDeploymentPostprocessing = 0;
		};
/* End PBXSourcesBuildPhase section */

/* Begin PBXTargetDependency section */
		507A45841AA375E6008E74F0 /* PBXTargetDependency */ = {
			isa = PBXTargetDependency;
			target = 507A456A1AA375E6008E74F0 /* SocialDining */;
			targetProxy = 507A45831AA375E6008E74F0 /* PBXContainerItemProxy */;
		};
/* End PBXTargetDependency section */

/* Begin PBXVariantGroup section */
		507A45761AA375E6008E74F0 /* Main.storyboard */ = {
			isa = PBXVariantGroup;
			children = (
				507A45771AA375E6008E74F0 /* Base */,
			);
			name = Main.storyboard;
			sourceTree = "<group>";
		};
		507A457B1AA375E6008E74F0 /* LaunchScreen.xib */ = {
			isa = PBXVariantGroup;
			children = (
				507A457C1AA375E6008E74F0 /* Base */,
			);
			name = LaunchScreen.xib;
			sourceTree = "<group>";
		};
/* End PBXVariantGroup section */

/* Begin XCBuildConfiguration section */
		507A458A1AA375E6008E74F0 /* Debug */ = {
			isa = XCBuildConfiguration;
			buildSettings = {
				ALWAYS_SEARCH_USER_PATHS = NO;
				CLANG_CXX_LANGUAGE_STANDARD = "gnu++0x";
				CLANG_CXX_LIBRARY = "libc++";
				CLANG_ENABLE_MODULES = YES;
				CLANG_ENABLE_OBJC_ARC = YES;
				CLANG_WARN_BOOL_CONVERSION = YES;
				CLANG_WARN_CONSTANT_CONVERSION = YES;
				CLANG_WARN_DIRECT_OBJC_ISA_USAGE = YES_ERROR;
				CLANG_WARN_EMPTY_BODY = YES;
				CLANG_WARN_ENUM_CONVERSION = YES;
				CLANG_WARN_INT_CONVERSION = YES;
				CLANG_WARN_OBJC_ROOT_CLASS = YES_ERROR;
				CLANG_WARN_UNREACHABLE_CODE = YES;
				CLANG_WARN__DUPLICATE_METHOD_MATCH = YES;
				"CODE_SIGN_IDENTITY[sdk=iphoneos*]" = "iPhone Developer";
				COPY_PHASE_STRIP = NO;
				ENABLE_STRICT_OBJC_MSGSEND = YES;
				GCC_C_LANGUAGE_STANDARD = gnu99;
				GCC_DYNAMIC_NO_PIC = NO;
				GCC_OPTIMIZATION_LEVEL = 0;
				GCC_PREPROCESSOR_DEFINITIONS = (
					"DEBUG=1",
					"$(inherited)",
				);
				GCC_SYMBOLS_PRIVATE_EXTERN = NO;
				GCC_WARN_64_TO_32_BIT_CONVERSION = YES;
				GCC_WARN_ABOUT_RETURN_TYPE = YES_ERROR;
				GCC_WARN_UNDECLARED_SELECTOR = YES;
				GCC_WARN_UNINITIALIZED_AUTOS = YES_AGGRESSIVE;
				GCC_WARN_UNUSED_FUNCTION = YES;
				GCC_WARN_UNUSED_VARIABLE = YES;
				IPHONEOS_DEPLOYMENT_TARGET = 8.1;
				MTL_ENABLE_DEBUG_INFO = YES;
				ONLY_ACTIVE_ARCH = YES;
				SDKROOT = iphoneos;
				SWIFT_OPTIMIZATION_LEVEL = "-Onone";
			};
			name = Debug;
		};
		507A458B1AA375E6008E74F0 /* Release */ = {
			isa = XCBuildConfiguration;
			buildSettings = {
				ALWAYS_SEARCH_USER_PATHS = NO;
				CLANG_CXX_LANGUAGE_STANDARD = "gnu++0x";
				CLANG_CXX_LIBRARY = "libc++";
				CLANG_ENABLE_MODULES = YES;
				CLANG_ENABLE_OBJC_ARC = YES;
				CLANG_WARN_BOOL_CONVERSION = YES;
				CLANG_WARN_CONSTANT_CONVERSION = YES;
				CLANG_WARN_DIRECT_OBJC_ISA_USAGE = YES_ERROR;
				CLANG_WARN_EMPTY_BODY = YES;
				CLANG_WARN_ENUM_CONVERSION = YES;
				CLANG_WARN_INT_CONVERSION = YES;
				CLANG_WARN_OBJC_ROOT_CLASS = YES_ERROR;
				CLANG_WARN_UNREACHABLE_CODE = YES;
				CLANG_WARN__DUPLICATE_METHOD_MATCH = YES;
				"CODE_SIGN_IDENTITY[sdk=iphoneos*]" = "iPhone Developer";
				COPY_PHASE_STRIP = YES;
				ENABLE_NS_ASSERTIONS = NO;
				ENABLE_STRICT_OBJC_MSGSEND = YES;
				GCC_C_LANGUAGE_STANDARD = gnu99;
				GCC_WARN_64_TO_32_BIT_CONVERSION = YES;
				GCC_WARN_ABOUT_RETURN_TYPE = YES_ERROR;
				GCC_WARN_UNDECLARED_SELECTOR = YES;
				GCC_WARN_UNINITIALIZED_AUTOS = YES_AGGRESSIVE;
				GCC_WARN_UNUSED_FUNCTION = YES;
				GCC_WARN_UNUSED_VARIABLE = YES;
				IPHONEOS_DEPLOYMENT_TARGET = 8.1;
				MTL_ENABLE_DEBUG_INFO = NO;
				SDKROOT = iphoneos;
				VALIDATE_PRODUCT = YES;
			};
			name = Release;
		};
		507A458D1AA375E6008E74F0 /* Debug */ = {
			isa = XCBuildConfiguration;
			buildSettings = {
				ASSETCATALOG_COMPILER_APPICON_NAME = AppIcon;
				FRAMEWORK_SEARCH_PATHS = (
					"$(inherited)",
					/Users/Max/Documents/FacebookSDK,
				);
				INFOPLIST_FILE = SocialDining/Info.plist;
				LD_RUNPATH_SEARCH_PATHS = "$(inherited) @executable_path/Frameworks";
				PRODUCT_NAME = "$(TARGET_NAME)";
				SWIFT_OBJC_BRIDGING_HEADER = SocialDining/BridgeHeader.h;
			};
			name = Debug;
		};
		507A458E1AA375E6008E74F0 /* Release */ = {
			isa = XCBuildConfiguration;
			buildSettings = {
				ASSETCATALOG_COMPILER_APPICON_NAME = AppIcon;
				FRAMEWORK_SEARCH_PATHS = (
					"$(inherited)",
					/Users/Max/Documents/FacebookSDK,
				);
				INFOPLIST_FILE = SocialDining/Info.plist;
				LD_RUNPATH_SEARCH_PATHS = "$(inherited) @executable_path/Frameworks";
				PRODUCT_NAME = "$(TARGET_NAME)";
				SWIFT_OBJC_BRIDGING_HEADER = SocialDining/BridgeHeader.h;
			};
			name = Release;
		};
		507A45901AA375E6008E74F0 /* Debug */ = {
			isa = XCBuildConfiguration;
			buildSettings = {
				BUNDLE_LOADER = "$(TEST_HOST)";
				FRAMEWORK_SEARCH_PATHS = (
					"$(SDKROOT)/Developer/Library/Frameworks",
					"$(inherited)",
				);
				GCC_PREPROCESSOR_DEFINITIONS = (
					"DEBUG=1",
					"$(inherited)",
				);
				INFOPLIST_FILE = SocialDiningTests/Info.plist;
				LD_RUNPATH_SEARCH_PATHS = "$(inherited) @executable_path/Frameworks @loader_path/Frameworks";
				PRODUCT_NAME = "$(TARGET_NAME)";
				TEST_HOST = "$(BUILT_PRODUCTS_DIR)/SocialDining.app/SocialDining";
			};
			name = Debug;
		};
		507A45911AA375E6008E74F0 /* Release */ = {
			isa = XCBuildConfiguration;
			buildSettings = {
				BUNDLE_LOADER = "$(TEST_HOST)";
				FRAMEWORK_SEARCH_PATHS = (
					"$(SDKROOT)/Developer/Library/Frameworks",
					"$(inherited)",
				);
				INFOPLIST_FILE = SocialDiningTests/Info.plist;
				LD_RUNPATH_SEARCH_PATHS = "$(inherited) @executable_path/Frameworks @loader_path/Frameworks";
				PRODUCT_NAME = "$(TARGET_NAME)";
				TEST_HOST = "$(BUILT_PRODUCTS_DIR)/SocialDining.app/SocialDining";
			};
			name = Release;
		};
/* End XCBuildConfiguration section */

/* Begin XCConfigurationList section */
		507A45661AA375E6008E74F0 /* Build configuration list for PBXProject "SocialDining" */ = {
			isa = XCConfigurationList;
			buildConfigurations = (
				507A458A1AA375E6008E74F0 /* Debug */,
				507A458B1AA375E6008E74F0 /* Release */,
			);
			defaultConfigurationIsVisible = 0;
			defaultConfigurationName = Release;
		};
		507A458C1AA375E6008E74F0 /* Build configuration list for PBXNativeTarget "SocialDining" */ = {
			isa = XCConfigurationList;
			buildConfigurations = (
				507A458D1AA375E6008E74F0 /* Debug */,
				507A458E1AA375E6008E74F0 /* Release */,
			);
			defaultConfigurationIsVisible = 0;
			defaultConfigurationName = Release;
		};
		507A458F1AA375E6008E74F0 /* Build configuration list for PBXNativeTarget "SocialDiningTests" */ = {
			isa = XCConfigurationList;
			buildConfigurations = (
				507A45901AA375E6008E74F0 /* Debug */,
				507A45911AA375E6008E74F0 /* Release */,
			);
			defaultConfigurationIsVisible = 0;
			defaultConfigurationName = Release;
		};
/* End XCConfigurationList section */
	};
	rootObject = 507A45631AA375E6008E74F0 /* Project object */;
}
